// !$*UTF8*$!
{
	archiveVersion = 1;
	classes = {
	};
	objectVersion = 46;
	objects = {

/* Begin PBXBuildFile section */
		FBD2C7881F73453200D93DD4 /* AppDelegate.swift in Sources */ = {isa = PBXBuildFile; fileRef = FBD2C7871F73453200D93DD4 /* AppDelegate.swift */; };
		FBD2C78A1F73453200D93DD4 /* ViewController.swift in Sources */ = {isa = PBXBuildFile; fileRef = FBD2C7891F73453200D93DD4 /* ViewController.swift */; };
		FBD2C78D1F73453200D93DD4 /* Main.storyboard in Resources */ = {isa = PBXBuildFile; fileRef = FBD2C78B1F73453200D93DD4 /* Main.storyboard */; };
		FBD2C78F1F73453200D93DD4 /* Assets.xcassets in Resources */ = {isa = PBXBuildFile; fileRef = FBD2C78E1F73453200D93DD4 /* Assets.xcassets */; };
		FBD2C7921F73453200D93DD4 /* LaunchScreen.storyboard in Resources */ = {isa = PBXBuildFile; fileRef = FBD2C7901F73453200D93DD4 /* LaunchScreen.storyboard */; };
/* End PBXBuildFile section */

/* Begin PBXFileReference section */
		FBD2C7841F73453200D93DD4 /* LsqAlertController.app */ = {isa = PBXFileReference; explicitFileType = wrapper.application; includeInIndex = 0; path = LsqAlertController.app; sourceTree = BUILT_PRODUCTS_DIR; };
		FBD2C7871F73453200D93DD4 /* AppDelegate.swift */ = {isa = PBXFileReference; lastKnownFileType = sourcecode.swift; path = AppDelegate.swift; sourceTree = "<group>"; };
		FBD2C7891F73453200D93DD4 /* ViewController.swift */ = {isa = PBXFileReference; lastKnownFileType = sourcecode.swift; path = ViewController.swift; sourceTree = "<group>"; };
		FBD2C78C1F73453200D93DD4 /* Base */ = {isa = PBXFileReference; lastKnownFileType = file.storyboard; name = Base; path = Base.lproj/Main.storyboard; sourceTree = "<group>"; };
		FBD2C78E1F73453200D93DD4 /* Assets.xcassets */ = {isa = PBXFileReference; lastKnownFileType = folder.assetcatalog; path = Assets.xcassets; sourceTree = "<group>"; };
		FBD2C7911F73453200D93DD4 /* Base */ = {isa = PBXFileReference; lastKnownFileType = file.storyboard; name = Base; path = Base.lproj/LaunchScreen.storyboard; sourceTree = "<group>"; };
		FBD2C7931F73453200D93DD4 /* Info.plist */ = {isa = PBXFileReference; lastKnownFileType = text.plist.xml; path = Info.plist; sourceTree = "<group>"; };
/* End PBXFileReference section */

/* Begin PBXFrameworksBuildPhase section */
		FBD2C7811F73453200D93DD4 /* Frameworks */ = {
			isa = PBXFrameworksBuildPhase;
			buildActionMask = 2147483647;
			files = (
			);
			runOnlyForDeploymentPostprocessing = 0;
		};
/* End PBXFrameworksBuildPhase section */

/* Begin PBXGroup section */
		FBD2C77B1F73453200D93DD4 = {
			isa = PBXGroup;
			children = (
				FBD2C7861F73453200D93DD4 /* LsqAlertController */,
				FBD2C7851F73453200D93DD4 /* Products */,
			);
			sourceTree = "<group>";
		};
		FBD2C7851F73453200D93DD4 /* Products */ = {
			isa = PBXGroup;
			children = (
				FBD2C7841F73453200D93DD4 /* LsqAlertController.app */,
			);
			name = Products;
			sourceTree = "<group>";
		};
		FBD2C7861F73453200D93DD4 /* LsqAlertController */ = {
			isa = PBXGroup;
			children = (
				FBD2C7871F73453200D93DD4 /* AppDelegate.swift */,
				FBD2C7891F73453200D93DD4 /* ViewController.swift */,
				FBD2C78B1F73453200D93DD4 /* Main.storyboard */,
				FBD2C78E1F73453200D93DD4 /* Assets.xcassets */,
				FBD2C7901F73453200D93DD4 /* LaunchScreen.storyboard */,
				FBD2C7931F73453200D93DD4 /* Info.plist */,
			);
			path = LsqAlertController;
			sourceTree = "<group>";
		};
/* End PBXGroup section */

/* Begin PBXNativeTarget section */
		FBD2C7831F73453200D93DD4 /* LsqAlertController */ = {
			isa = PBXNativeTarget;
			buildConfigurationList = FBD2C7961F73453200D93DD4 /* Build configuration list for PBXNativeTarget "LsqAlertController" */;
			buildPhases = (
				FBD2C7801F73453200D93DD4 /* Sources */,
				FBD2C7811F73453200D93DD4 /* Frameworks */,
				FBD2C7821F73453200D93DD4 /* Resources */,
			);
			buildRules = (
			);
			dependencies = (
			);
			name = LsqAlertController;
			productName = LsqAlertController;
			productReference = FBD2C7841F73453200D93DD4 /* LsqAlertController.app */;
			productType = "com.apple.product-type.application";
		};
/* End PBXNativeTarget section */

/* Begin PBXProject section */
		FBD2C77C1F73453200D93DD4 /* Project object */ = {
			isa = PBXProject;
			attributes = {
				LastSwiftUpdateCheck = 0830;
				LastUpgradeCheck = 0830;
				ORGANIZATIONNAME = "罗石清";
				TargetAttributes = {
					FBD2C7831F73453200D93DD4 = {
						CreatedOnToolsVersion = 8.3.3;
						DevelopmentTeam = E24W7RVK7M;
						ProvisioningStyle = Automatic;
					};
				};
			};
			buildConfigurationList = FBD2C77F1F73453200D93DD4 /* Build configuration list for PBXProject "LsqAlertController" */;
			compatibilityVersion = "Xcode 3.2";
			developmentRegion = English;
			hasScannedForEncodings = 0;
			knownRegions = (
				en,
				Base,
			);
			mainGroup = FBD2C77B1F73453200D93DD4;
			productRefGroup = FBD2C7851F73453200D93DD4 /* Products */;
			projectDirPath = "";
			projectRoot = "";
			targets = (
				FBD2C7831F73453200D93DD4 /* LsqAlertController */,
			);
		};
/* End PBXProject section */

/* Begin PBXResourcesBuildPhase section */
		FBD2C7821F73453200D93DD4 /* Resources */ = {
			isa = PBXResourcesBuildPhase;
			buildActionMask = 2147483647;
			files = (
				FBD2C7921F73453200D93DD4 /* LaunchScreen.storyboard in Resources */,
				FBD2C78F1F73453200D93DD4 /* Assets.xcassets in Resources */,
				FBD2C78D1F73453200D93DD4 /* Main.storyboard in Resources */,
			);
			runOnlyForDeploymentPostprocessing = 0;
		};
/* End PBXResourcesBuildPhase section */

/* Begin PBXSourcesBuildPhase section */
		FBD2C7801F73453200D93DD4 /* Sources */ = {
			isa = PBXSourcesBuildPhase;
			buildActionMask = 2147483647;
			files = (
				FBD2C78A1F73453200D93DD4 /* ViewController.swift in Sources */,
				FBD2C7881F73453200D93DD4 /* AppDelegate.swift in Sources */,
			);
			runOnlyForDeploymentPostprocessing = 0;
		};
/* End PBXSourcesBuildPhase section */

/* Begin PBXVariantGroup section */
		FBD2C78B1F73453200D93DD4 /* Main.storyboard */ = {
			isa = PBXVariantGroup;
			children = (
				FBD2C78C1F73453200D93DD4 /* Base */,
			);
			name = Main.storyboard;
			sourceTree = "<group>";
		};
		FBD2C7901F73453200D93DD4 /* LaunchScreen.storyboard */ = {
			isa = PBXVariantGroup;
			children = (
				FBD2C7911F73453200D93DD4 /* Base */,
			);
			name = LaunchScreen.storyboard;
			sourceTree = "<group>";
		};
/* End PBXVariantGroup section */

/* Begin XCBuildConfiguration section */
		FBD2C7941F73453200D93DD4 /* Debug */ = {
			isa = XCBuildConfiguration;
			buildSettings = {
				ALWAYS_SEARCH_USER_PATHS = NO;
				CLANG_ANALYZER_NONNULL = YES;
				CLANG_ANALYZER_NUMBER_OBJECT_CONVERSION = YES_AGGRESSIVE;
				CLANG_CXX_LANGUAGE_STANDARD = "gnu++0x";
				CLANG_CXX_LIBRARY = "libc++";
				CLANG_ENABLE_MODULES = YES;
				CLANG_ENABLE_OBJC_ARC = YES;
				CLANG_WARN_BOOL_CONVERSION = YES;
				CLANG_WARN_CONSTANT_CONVERSION = YES;
				CLANG_WARN_DIRECT_OBJC_ISA_USAGE = YES_ERROR;
				CLANG_WARN_DOCUMENTATION_COMMENTS = YES;
				CLANG_WARN_EMPTY_BODY = YES;
				CLANG_WARN_ENUM_CONVERSION = YES;
				CLANG_WARN_INFINITE_RECURSION = YES;
				CLANG_WARN_INT_CONVERSION = YES;
				CLANG_WARN_OBJC_ROOT_CLASS = YES_ERROR;
				CLANG_WARN_SUSPICIOUS_MOVE = YES;
				CLANG_WARN_UNREACHABLE_CODE = YES;
				CLANG_WARN__DUPLICATE_METHOD_MATCH = YES;
				"CODE_SIGN_IDENTITY[sdk=iphoneos*]" = "iPhone Developer";
				COPY_PHASE_STRIP = NO;
				DEBUG_INFORMATION_FORMAT = dwarf;
				ENABLE_STRICT_OBJC_MSGSEND = YES;
				ENABLE_TESTABILITY = YES;
				GCC_C_LANGUAGE_STANDARD = gnu99;
				GCC_DYNAMIC_NO_PIC = NO;
				GCC_NO_COMMON_BLOCKS = YES;
				GCC_OPTIMIZATION_LEVEL = 0;
				GCC_PREPROCESSOR_DEFINITIONS = (
					"DEBUG=1",
					"$(inherited)",
				);
				GCC_WARN_64_TO_32_BIT_CONVERSION = YES;
				GCC_WARN_ABOUT_RETURN_TYPE = YES_ERROR;
				GCC_WARN_UNDECLARED_SELECTOR = YES;
				GCC_WARN_UNINITIALIZED_AUTOS = YES_AGGRESSIVE;
				GCC_WARN_UNUSED_FUNCTION = YES;
				GCC_WARN_UNUSED_VARIABLE = YES;
				IPHONEOS_DEPLOYMENT_TARGET = 10.3;
				MTL_ENABLE_DEBUG_INFO = YES;
				ONLY_ACTIVE_ARCH = YES;
				SDKROOT = iphoneos;
				SWIFT_ACTIVE_COMPILATION_CONDITIONS = DEBUG;
				SWIFT_OPTIMIZATION_LEVEL = "-Onone";
				TARGETED_DEVICE_FAMILY = "1,2";
			};
			name = Debug;
		};
		FBD2C7951F73453200D93DD4 /* Release */ = {
			isa = XCBuildConfiguration;
			buildSettings = {
				ALWAYS_SEARCH_USER_PATHS = NO;
				CLANG_ANALYZER_NONNULL = YES;
				CLANG_ANALYZER_NUMBER_OBJECT_CONVERSION = YES_AGGRESSIVE;
				CLANG_CXX_LANGUAGE_STANDARD = "gnu++0x";
				CLANG_CXX_LIBRARY = "libc++";
				CLANG_ENABLE_MODULES = YES;
				CLANG_ENABLE_OBJC_ARC = YES;
				CLANG_WARN_BOOL_CONVERSION = YES;
				CLANG_WARN_CONSTANT_CONVERSION = YES;
				CLANG_WARN_DIRECT_OBJC_ISA_USAGE = YES_ERROR;
				CLANG_WARN_DOCUMENTATION_COMMENTS = YES;
				CLANG_WARN_EMPTY_BODY = YES;
				CLANG_WARN_ENUM_CONVERSION = YES;
				CLANG_WARN_INFINITE_RECURSION = YES;
				CLANG_WARN_INT_CONVERSION = YES;
				CLANG_WARN_OBJC_ROOT_CLASS = YES_ERROR;
				CLANG_WARN_SUSPICIOUS_MOVE = YES;
				CLANG_WARN_UNREACHABLE_CODE = YES;
				CLANG_WARN__DUPLICATE_METHOD_MATCH = YES;
				"CODE_SIGN_IDENTITY[sdk=iphoneos*]" = "iPhone Developer";
				COPY_PHASE_STRIP = NO;
				DEBUG_INFORMATION_FORMAT = "dwarf-with-dsym";
				ENABLE_NS_ASSERTIONS = NO;
				ENABLE_STRICT_OBJC_MSGSEND = YES;
				GCC_C_LANGUAGE_STANDARD = gnu99;
				GCC_NO_COMMON_BLOCKS = YES;
				GCC_WARN_64_TO_32_BIT_CONVERSION = YES;
				GCC_WARN_ABOUT_RETURN_TYPE = YES_ERROR;
				GCC_WARN_UNDECLARED_SELECTOR = YES;
				GCC_WARN_UNINITIALIZED_AUTOS = YES_AGGRESSIVE;
				GCC_WARN_UNUSED_FUNCTION = YES;
				GCC_WARN_UNUSED_VARIABLE = YES;
				IPHONEOS_DEPLOYMENT_TARGET = 10.3;
				MTL_ENABLE_DEBUG_INFO = NO;
				SDKROOT = iphoneos;
				SWIFT_OPTIMIZATION_LEVEL = "-Owholemodule";
				TARGETED_DEVICE_FAMILY = "1,2";
				VALIDATE_PRODUCT = YES;
			};
			name = Release;
		};
		FBD2C7971F73453200D93DD4 /* Debug */ = {
			isa = XCBuildConfiguration;
			buildSettings = {
				ASSETCATALOG_COMPILER_APPICON_NAME = AppIcon;
				DEVELOPMENT_TEAM = E24W7RVK7M;
				INFOPLIST_FILE = LsqAlertController/Info.plist;
				LD_RUNPATH_SEARCH_PATHS = "$(inherited) @executable_path/Frameworks";
				PRODUCT_BUNDLE_IDENTIFIER = com.rainfo.LsqAlertController;
				PRODUCT_NAME = "$(TARGET_NAME)";
				SWIFT_VERSION = 3.0;
			};
			name = Debug;
		};
		FBD2C7981F73453200D93DD4 /* Release */ = {
			isa = XCBuildConfiguration;
			buildSettings = {
				ASSETCATALOG_COMPILER_APPICON_NAME = AppIcon;
				DEVELOPMENT_TEAM = E24W7RVK7M;
				INFOPLIST_FILE = LsqAlertController/Info.plist;
				LD_RUNPATH_SEARCH_PATHS = "$(inherited) @executable_path/Frameworks";
				PRODUCT_BUNDLE_IDENTIFIER = com.rainfo.LsqAlertController;
				PRODUCT_NAME = "$(TARGET_NAME)";
				SWIFT_VERSION = 3.0;
			};
			name = Release;
		};
/* End XCBuildConfiguration section */

/* Begin XCConfigurationList section */
		FBD2C77F1F73453200D93DD4 /* Build configuration list for PBXProject "LsqAlertController" */ = {
			isa = XCConfigurationList;
			buildConfigurations = (
				FBD2C7941F73453200D93DD4 /* Debug */,
				FBD2C7951F73453200D93DD4 /* Release */,
			);
			defaultConfigurationIsVisible = 0;
			defaultConfigurationName = Release;
		};
		FBD2C7961F73453200D93DD4 /* Build configuration list for PBXNativeTarget "LsqAlertController" */ = {
			isa = XCConfigurationList;
			buildConfigurations = (
				FBD2C7971F73453200D93DD4 /* Debug */,
				FBD2C7981F73453200D93DD4 /* Release */,
			);
			defaultConfigurationIsVisible = 0;
		};
/* End XCConfigurationList section */
	};
	rootObject = FBD2C77C1F73453200D93DD4 /* Project object */;
}
